
Microsoft Visual Studio Solution File, Format Version 12.00
# Visual Studio Version 17
VisualStudioVersion = 17.4.33110.190
MinimumVisualStudioVersion = 10.0.40219.1
Project("{FAE04EC0-301F-11D3-BF4B-00C04F79EFBC}") = "WpfApp3", "WpfApp3\WpfApp3.csproj", "{D8D9BC6B-1BE7-4862-83AF-9AF98292311A}"
EndProject
Global
	GlobalSection(SolutionConfigurationPlatforms) = preSolution
		Debug|Any CPU = Debug|Any CPU
		Release|Any CPU = Release|Any CPU
	EndGlobalSection
	GlobalSection(ProjectConfigurationPlatforms) = postSolution
		{D8D9BC6B-1BE7-4862-83AF-9AF98292311A}.Debug|Any CPU.ActiveCfg = Debug|Any CPU
		{D8D9BC6B-1BE7-4862-83AF-9AF98292311A}.Debug|Any CPU.Build.0 = Debug|Any CPU
		{D8D9BC6B-1BE7-4862-83AF-9AF98292311A}.Release|Any CPU.ActiveCfg = Release|Any CPU
		{D8D9BC6B-1BE7-4862-83AF-9AF98292311A}.Release|Any CPU.Build.0 = Release|Any CPU
	EndGlobalSection
	GlobalSection(SolutionProperties) = preSolution
		HideSolutionNode = FALSE
	EndGlobalSection
	GlobalSection(ExtensibilityGlobals) = postSolution
		SolutionGuid = {BCA2CE04-05CD-4EC1-94C8-D6B12B3E5682}
	EndGlobalSection
EndGlobal
